
Microsoft Visual Studio Solution File, Format Version 12.00
# Visual Studio Version 16
VisualStudioVersion = 16.0.31105.61
MinimumVisualStudioVersion = 10.0.40219.1
Project("{FAE04EC0-301F-11D3-BF4B-00C04F79EFBC}") = "WebApplicationMVC", "WebApplicationMVC\WebApplicationMVC.csproj", "{F4F17978-C74E-4010-95F3-13265EE9713F}"
EndProject
Global
	GlobalSection(SolutionConfigurationPlatforms) = preSolution
		Debug|Any CPU = Debug|Any CPU
		Release|Any CPU = Release|Any CPU
	EndGlobalSection
	GlobalSection(ProjectConfigurationPlatforms) = postSolution
		{F4F17978-C74E-4010-95F3-13265EE9713F}.Debug|Any CPU.ActiveCfg = Debug|Any CPU
		{F4F17978-C74E-4010-95F3-13265EE9713F}.Debug|Any CPU.Build.0 = Debug|Any CPU
		{F4F17978-C74E-4010-95F3-13265EE9713F}.Release|Any CPU.ActiveCfg = Release|Any CPU
		{F4F17978-C74E-4010-95F3-13265EE9713F}.Release|Any CPU.Build.0 = Release|Any CPU
	EndGlobalSection
	GlobalSection(SolutionProperties) = preSolution
		HideSolutionNode = FALSE
	EndGlobalSection
	GlobalSection(ExtensibilityGlobals) = postSolution
		SolutionGuid = {67BC6883-7854-4452-96B4-B8F4DE3937C4}
	EndGlobalSection
EndGlobal
